
Microsoft Visual Studio Solution File, Format Version 12.00
# Visual Studio Version 17
VisualStudioVersion = 17.7.34221.43
MinimumVisualStudioVersion = 10.0.40219.1
Project("{FAE04EC0-301F-11D3-BF4B-00C04F79EFBC}") = "BulkyBooks2", "BulkyBooks2\BulkyBooks2.csproj", "{5229A1F1-5848-4871-80F4-CD63DB01C0DE}"
EndProject
Global
	GlobalSection(SolutionConfigurationPlatforms) = preSolution
		Debug|Any CPU = Debug|Any CPU
		Release|Any CPU = Release|Any CPU
	EndGlobalSection
	GlobalSection(ProjectConfigurationPlatforms) = postSolution
		{5229A1F1-5848-4871-80F4-CD63DB01C0DE}.Debug|Any CPU.ActiveCfg = Debug|Any CPU
		{5229A1F1-5848-4871-80F4-CD63DB01C0DE}.Debug|Any CPU.Build.0 = Debug|Any CPU
		{5229A1F1-5848-4871-80F4-CD63DB01C0DE}.Release|Any CPU.ActiveCfg = Release|Any CPU
		{5229A1F1-5848-4871-80F4-CD63DB01C0DE}.Release|Any CPU.Build.0 = Release|Any CPU
	EndGlobalSection
	GlobalSection(SolutionProperties) = preSolution
		HideSolutionNode = FALSE
	EndGlobalSection
	GlobalSection(ExtensibilityGlobals) = postSolution
		SolutionGuid = {38B95983-AD3D-406F-8752-A72B4DEA27A9}
	EndGlobalSection
EndGlobal
